
Microsoft Visual Studio Solution File, Format Version 12.00
# Visual Studio Version 16
VisualStudioVersion = 16.0.30517.126
MinimumVisualStudioVersion = 10.0.40219.1
Project("{9A19103F-16F7-4668-BE54-9A1E7A4F7556}") = "P3Backend", "P3Backend\P3Backend.csproj", "{5D6746CD-1839-497A-AAEF-11DCD27F0EA5}"
EndProject
Project("{FAE04EC0-301F-11D3-BF4B-00C04F79EFBC}") = "P3Backend.Test", "P3Backend.Test\P3Backend.Test.csproj", "{9A6FCAE0-431A-42EC-B7BB-4BB3C62224B6}"
EndProject
Global
	GlobalSection(SolutionConfigurationPlatforms) = preSolution
		Debug|Any CPU = Debug|Any CPU
		Release|Any CPU = Release|Any CPU
	EndGlobalSection
	GlobalSection(ProjectConfigurationPlatforms) = postSolution
		{5D6746CD-1839-497A-AAEF-11DCD27F0EA5}.Debug|Any CPU.ActiveCfg = Debug|Any CPU
		{5D6746CD-1839-497A-AAEF-11DCD27F0EA5}.Debug|Any CPU.Build.0 = Debug|Any CPU
		{5D6746CD-1839-497A-AAEF-11DCD27F0EA5}.Release|Any CPU.ActiveCfg = Release|Any CPU
		{5D6746CD-1839-497A-AAEF-11DCD27F0EA5}.Release|Any CPU.Build.0 = Release|Any CPU
		{9A6FCAE0-431A-42EC-B7BB-4BB3C62224B6}.Debug|Any CPU.ActiveCfg = Debug|Any CPU
		{9A6FCAE0-431A-42EC-B7BB-4BB3C62224B6}.Debug|Any CPU.Build.0 = Debug|Any CPU
		{9A6FCAE0-431A-42EC-B7BB-4BB3C62224B6}.Release|Any CPU.ActiveCfg = Release|Any CPU
		{9A6FCAE0-431A-42EC-B7BB-4BB3C62224B6}.Release|Any CPU.Build.0 = Release|Any CPU
	EndGlobalSection
	GlobalSection(SolutionProperties) = preSolution
		HideSolutionNode = FALSE
	EndGlobalSection
	GlobalSection(ExtensibilityGlobals) = postSolution
		SolutionGuid = {0D04D1EA-B04A-4807-B529-667B3AAC997E}
	EndGlobalSection
EndGlobal
